
Microsoft Visual Studio Solution File, Format Version 12.00
# Visual Studio Version 17
VisualStudioVersion = 17.14.36310.24 d17.14
MinimumVisualStudioVersion = 10.0.40219.1
Project("{FAE04EC0-301F-11D3-BF4B-00C04F79EFBC}") = "UserPanelSecurityApp", "UserPanelSecurityApp\UserPanelSecurityApp.csproj", "{DDD0A9A5-3FBF-45ED-A51D-A029D3504202}"
EndProject
Global
	GlobalSection(SolutionConfigurationPlatforms) = preSolution
		Debug|Any CPU = Debug|Any CPU
		Release|Any CPU = Release|Any CPU
	EndGlobalSection
	GlobalSection(ProjectConfigurationPlatforms) = postSolution
		{DDD0A9A5-3FBF-45ED-A51D-A029D3504202}.Debug|Any CPU.ActiveCfg = Debug|Any CPU
		{DDD0A9A5-3FBF-45ED-A51D-A029D3504202}.Debug|Any CPU.Build.0 = Debug|Any CPU
		{DDD0A9A5-3FBF-45ED-A51D-A029D3504202}.Release|Any CPU.ActiveCfg = Release|Any CPU
		{DDD0A9A5-3FBF-45ED-A51D-A029D3504202}.Release|Any CPU.Build.0 = Release|Any CPU
	EndGlobalSection
	GlobalSection(SolutionProperties) = preSolution
		HideSolutionNode = FALSE
	EndGlobalSection
	GlobalSection(ExtensibilityGlobals) = postSolution
		SolutionGuid = {0813D8F7-C9EE-406D-B7DC-C85D4FEC2871}
	EndGlobalSection
EndGlobal
